
Microsoft Visual Studio Solution File, Format Version 12.00
# Visual Studio Version 16
VisualStudioVersion = 16.0.34601.136
MinimumVisualStudioVersion = 10.0.40219.1
Project("{FAE04EC0-301F-11D3-BF4B-00C04F79EFBC}") = "All In One", "All In One\All In One.csproj", "{AE2E5305-F4B9-46B3-A8C7-4EB81280A777}"
EndProject
Global
	GlobalSection(SolutionConfigurationPlatforms) = preSolution
		Debug|Any CPU = Debug|Any CPU
		Release|Any CPU = Release|Any CPU
	EndGlobalSection
	GlobalSection(ProjectConfigurationPlatforms) = postSolution
		{AE2E5305-F4B9-46B3-A8C7-4EB81280A777}.Debug|Any CPU.ActiveCfg = Debug|Any CPU
		{AE2E5305-F4B9-46B3-A8C7-4EB81280A777}.Debug|Any CPU.Build.0 = Debug|Any CPU
		{AE2E5305-F4B9-46B3-A8C7-4EB81280A777}.Release|Any CPU.ActiveCfg = Release|Any CPU
		{AE2E5305-F4B9-46B3-A8C7-4EB81280A777}.Release|Any CPU.Build.0 = Release|Any CPU
	EndGlobalSection
	GlobalSection(SolutionProperties) = preSolution
		HideSolutionNode = FALSE
	EndGlobalSection
	GlobalSection(ExtensibilityGlobals) = postSolution
		SolutionGuid = {43551C79-7FAB-4558-929A-E06C1B87C854}
	EndGlobalSection
EndGlobal
