
Microsoft Visual Studio Solution File, Format Version 12.00
# Visual Studio Version 16
VisualStudioVersion = 16.0.34601.136
MinimumVisualStudioVersion = 10.0.40219.1
Project("{FAE04EC0-301F-11D3-BF4B-00C04F79EFBC}") = "Palindrom Number Check", "Palindrom Number Check\Palindrom Number Check.csproj", "{1471AFB7-6C67-4D4E-8D67-F8663042BCE7}"
EndProject
Global
	GlobalSection(SolutionConfigurationPlatforms) = preSolution
		Debug|Any CPU = Debug|Any CPU
		Release|Any CPU = Release|Any CPU
	EndGlobalSection
	GlobalSection(ProjectConfigurationPlatforms) = postSolution
		{1471AFB7-6C67-4D4E-8D67-F8663042BCE7}.Debug|Any CPU.ActiveCfg = Debug|Any CPU
		{1471AFB7-6C67-4D4E-8D67-F8663042BCE7}.Debug|Any CPU.Build.0 = Debug|Any CPU
		{1471AFB7-6C67-4D4E-8D67-F8663042BCE7}.Release|Any CPU.ActiveCfg = Release|Any CPU
		{1471AFB7-6C67-4D4E-8D67-F8663042BCE7}.Release|Any CPU.Build.0 = Release|Any CPU
	EndGlobalSection
	GlobalSection(SolutionProperties) = preSolution
		HideSolutionNode = FALSE
	EndGlobalSection
	GlobalSection(ExtensibilityGlobals) = postSolution
		SolutionGuid = {ED8C590F-8A47-4F17-A687-0CBCDBB3DBBA}
	EndGlobalSection
EndGlobal
