
Microsoft Visual Studio Solution File, Format Version 12.00
# Visual Studio Version 16
VisualStudioVersion = 16.0.34601.136
MinimumVisualStudioVersion = 10.0.40219.1
Project("{FAE04EC0-301F-11D3-BF4B-00C04F79EFBC}") = "Print Numbers 1 To 100", "Print Numbers 1 To 100\Print Numbers 1 To 100.csproj", "{D139678F-415D-4092-843B-05C0B8EAEC8B}"
EndProject
Global
	GlobalSection(SolutionConfigurationPlatforms) = preSolution
		Debug|Any CPU = Debug|Any CPU
		Release|Any CPU = Release|Any CPU
	EndGlobalSection
	GlobalSection(ProjectConfigurationPlatforms) = postSolution
		{D139678F-415D-4092-843B-05C0B8EAEC8B}.Debug|Any CPU.ActiveCfg = Debug|Any CPU
		{D139678F-415D-4092-843B-05C0B8EAEC8B}.Debug|Any CPU.Build.0 = Debug|Any CPU
		{D139678F-415D-4092-843B-05C0B8EAEC8B}.Release|Any CPU.ActiveCfg = Release|Any CPU
		{D139678F-415D-4092-843B-05C0B8EAEC8B}.Release|Any CPU.Build.0 = Release|Any CPU
	EndGlobalSection
	GlobalSection(SolutionProperties) = preSolution
		HideSolutionNode = FALSE
	EndGlobalSection
	GlobalSection(ExtensibilityGlobals) = postSolution
		SolutionGuid = {8434867B-74F7-4549-AAC5-AEFA08519CA5}
	EndGlobalSection
EndGlobal
