
Microsoft Visual Studio Solution File, Format Version 12.00
# Visual Studio Version 16
VisualStudioVersion = 16.0.34601.136
MinimumVisualStudioVersion = 10.0.40219.1
Project("{FAE04EC0-301F-11D3-BF4B-00C04F79EFBC}") = "Constructor", "Constructor\Constructor.csproj", "{D3D320C2-8DD8-400C-9B60-A0333023994A}"
EndProject
Global
	GlobalSection(SolutionConfigurationPlatforms) = preSolution
		Debug|Any CPU = Debug|Any CPU
		Release|Any CPU = Release|Any CPU
	EndGlobalSection
	GlobalSection(ProjectConfigurationPlatforms) = postSolution
		{D3D320C2-8DD8-400C-9B60-A0333023994A}.Debug|Any CPU.ActiveCfg = Debug|Any CPU
		{D3D320C2-8DD8-400C-9B60-A0333023994A}.Debug|Any CPU.Build.0 = Debug|Any CPU
		{D3D320C2-8DD8-400C-9B60-A0333023994A}.Release|Any CPU.ActiveCfg = Release|Any CPU
		{D3D320C2-8DD8-400C-9B60-A0333023994A}.Release|Any CPU.Build.0 = Release|Any CPU
	EndGlobalSection
	GlobalSection(SolutionProperties) = preSolution
		HideSolutionNode = FALSE
	EndGlobalSection
	GlobalSection(ExtensibilityGlobals) = postSolution
		SolutionGuid = {882C6A48-856F-4E36-AB38-52C3CC2B27DA}
	EndGlobalSection
EndGlobal
