
Microsoft Visual Studio Solution File, Format Version 12.00
# Visual Studio Version 16
VisualStudioVersion = 16.0.34601.136
MinimumVisualStudioVersion = 10.0.40219.1
Project("{FAE04EC0-301F-11D3-BF4B-00C04F79EFBC}") = "Fibo practie", "Fibo practie\Fibo practie.csproj", "{B7E80D89-C52F-4CD8-AD40-85AAC7F917ED}"
EndProject
Global
	GlobalSection(SolutionConfigurationPlatforms) = preSolution
		Debug|Any CPU = Debug|Any CPU
		Release|Any CPU = Release|Any CPU
	EndGlobalSection
	GlobalSection(ProjectConfigurationPlatforms) = postSolution
		{B7E80D89-C52F-4CD8-AD40-85AAC7F917ED}.Debug|Any CPU.ActiveCfg = Debug|Any CPU
		{B7E80D89-C52F-4CD8-AD40-85AAC7F917ED}.Debug|Any CPU.Build.0 = Debug|Any CPU
		{B7E80D89-C52F-4CD8-AD40-85AAC7F917ED}.Release|Any CPU.ActiveCfg = Release|Any CPU
		{B7E80D89-C52F-4CD8-AD40-85AAC7F917ED}.Release|Any CPU.Build.0 = Release|Any CPU
	EndGlobalSection
	GlobalSection(SolutionProperties) = preSolution
		HideSolutionNode = FALSE
	EndGlobalSection
	GlobalSection(ExtensibilityGlobals) = postSolution
		SolutionGuid = {F1A29841-BCBD-448A-B802-EF2EFB36C212}
	EndGlobalSection
EndGlobal
