
Microsoft Visual Studio Solution File, Format Version 12.00
# Visual Studio Version 16
VisualStudioVersion = 16.0.34601.136
MinimumVisualStudioVersion = 10.0.40219.1
Project("{FAE04EC0-301F-11D3-BF4B-00C04F79EFBC}") = "Print The Multiplication Table Of A Numbers N", "Print The Multiplication Table Of A Numbers N\Print The Multiplication Table Of A Numbers N.csproj", "{901F6466-8313-424E-AF23-E9FA6650406A}"
EndProject
Global
	GlobalSection(SolutionConfigurationPlatforms) = preSolution
		Debug|Any CPU = Debug|Any CPU
		Release|Any CPU = Release|Any CPU
	EndGlobalSection
	GlobalSection(ProjectConfigurationPlatforms) = postSolution
		{901F6466-8313-424E-AF23-E9FA6650406A}.Debug|Any CPU.ActiveCfg = Debug|Any CPU
		{901F6466-8313-424E-AF23-E9FA6650406A}.Debug|Any CPU.Build.0 = Debug|Any CPU
		{901F6466-8313-424E-AF23-E9FA6650406A}.Release|Any CPU.ActiveCfg = Release|Any CPU
		{901F6466-8313-424E-AF23-E9FA6650406A}.Release|Any CPU.Build.0 = Release|Any CPU
	EndGlobalSection
	GlobalSection(SolutionProperties) = preSolution
		HideSolutionNode = FALSE
	EndGlobalSection
	GlobalSection(ExtensibilityGlobals) = postSolution
		SolutionGuid = {11EAC5C8-7B94-4632-89E4-5C7FDCC00057}
	EndGlobalSection
EndGlobal
