
Microsoft Visual Studio Solution File, Format Version 12.00
# Visual Studio Version 16
VisualStudioVersion = 16.0.34601.136
MinimumVisualStudioVersion = 10.0.40219.1
Project("{FAE04EC0-301F-11D3-BF4B-00C04F79EFBC}") = "Prime number 1 To 1000 Print Pract", "Prime number 1 To 1000 Print Pract\Prime number 1 To 1000 Print Pract.csproj", "{0E1EC7F1-199A-43F0-B3FB-52E023C26AB6}"
EndProject
Global
	GlobalSection(SolutionConfigurationPlatforms) = preSolution
		Debug|Any CPU = Debug|Any CPU
		Release|Any CPU = Release|Any CPU
	EndGlobalSection
	GlobalSection(ProjectConfigurationPlatforms) = postSolution
		{0E1EC7F1-199A-43F0-B3FB-52E023C26AB6}.Debug|Any CPU.ActiveCfg = Debug|Any CPU
		{0E1EC7F1-199A-43F0-B3FB-52E023C26AB6}.Debug|Any CPU.Build.0 = Debug|Any CPU
		{0E1EC7F1-199A-43F0-B3FB-52E023C26AB6}.Release|Any CPU.ActiveCfg = Release|Any CPU
		{0E1EC7F1-199A-43F0-B3FB-52E023C26AB6}.Release|Any CPU.Build.0 = Release|Any CPU
	EndGlobalSection
	GlobalSection(SolutionProperties) = preSolution
		HideSolutionNode = FALSE
	EndGlobalSection
	GlobalSection(ExtensibilityGlobals) = postSolution
		SolutionGuid = {FDE2A780-7CA2-45EF-96F6-F6DA1923B488}
	EndGlobalSection
EndGlobal
