
Microsoft Visual Studio Solution File, Format Version 12.00
# Visual Studio Version 16
VisualStudioVersion = 16.0.34601.136
MinimumVisualStudioVersion = 10.0.40219.1
Project("{FAE04EC0-301F-11D3-BF4B-00C04F79EFBC}") = "Class And Method First", "Class And Method First\Class And Method First.csproj", "{FCA5AAF9-20C7-4A18-AAD7-844BFE6134A6}"
EndProject
Global
	GlobalSection(SolutionConfigurationPlatforms) = preSolution
		Debug|Any CPU = Debug|Any CPU
		Release|Any CPU = Release|Any CPU
	EndGlobalSection
	GlobalSection(ProjectConfigurationPlatforms) = postSolution
		{FCA5AAF9-20C7-4A18-AAD7-844BFE6134A6}.Debug|Any CPU.ActiveCfg = Debug|Any CPU
		{FCA5AAF9-20C7-4A18-AAD7-844BFE6134A6}.Debug|Any CPU.Build.0 = Debug|Any CPU
		{FCA5AAF9-20C7-4A18-AAD7-844BFE6134A6}.Release|Any CPU.ActiveCfg = Release|Any CPU
		{FCA5AAF9-20C7-4A18-AAD7-844BFE6134A6}.Release|Any CPU.Build.0 = Release|Any CPU
	EndGlobalSection
	GlobalSection(SolutionProperties) = preSolution
		HideSolutionNode = FALSE
	EndGlobalSection
	GlobalSection(ExtensibilityGlobals) = postSolution
		SolutionGuid = {DE080528-80E6-4997-845D-AECBB54D9465}
	EndGlobalSection
EndGlobal
